
Microsoft Visual Studio Solution File, Format Version 12.00
# Visual Studio Version 17
VisualStudioVersion = 17.0.31903.59
MinimumVisualStudioVersion = 10.0.40219.1
Project("{FAE04EC0-301F-11D3-BF4B-00C04F79EFBC}") = "InvoiceManagementSystem.DAL", "InvoiceManagementSystem.DAL\InvoiceManagementSystem.DAL.csproj", "{9ECA068E-E63A-4066-8F4B-947E527556D7}"
EndProject
Project("{FAE04EC0-301F-11D3-BF4B-00C04F79EFBC}") = "InvoiceManagementSystem.BLL", "InvoiceManagementSystem.BLL\InvoiceManagementSystem.BLL.csproj", "{EBD24162-DE6C-4B14-9C06-7A163DC89C16}"
EndProject
Project("{FAE04EC0-301F-11D3-BF4B-00C04F79EFBC}") = "InvoiceManagementSystem.Console", "InvoiceManagementSystem.Console\InvoiceManagementSystem.Console.csproj", "{F30E5AF1-F4B5-4C77-AF41-FF331C64CC09}"
EndProject
Project("{FAE04EC0-301F-11D3-BF4B-00C04F79EFBC}") = "InvoiceManagementSystem.Tests", "InvoiceManagementSystem.Tests\InvoiceManagementSystem.Tests.csproj", "{7B8F46E7-A0AB-48CE-9816-6A1D7600BB45}"
EndProject
Global
	GlobalSection(SolutionConfigurationPlatforms) = preSolution
		Debug|Any CPU = Debug|Any CPU
		Release|Any CPU = Release|Any CPU
	EndGlobalSection
	GlobalSection(SolutionProperties) = preSolution
		HideSolutionNode = FALSE
	EndGlobalSection
	GlobalSection(ProjectConfigurationPlatforms) = postSolution
		{9ECA068E-E63A-4066-8F4B-947E527556D7}.Debug|Any CPU.ActiveCfg = Debug|Any CPU
		{9ECA068E-E63A-4066-8F4B-947E527556D7}.Debug|Any CPU.Build.0 = Debug|Any CPU
		{9ECA068E-E63A-4066-8F4B-947E527556D7}.Release|Any CPU.ActiveCfg = Release|Any CPU
		{9ECA068E-E63A-4066-8F4B-947E527556D7}.Release|Any CPU.Build.0 = Release|Any CPU
		{EBD24162-DE6C-4B14-9C06-7A163DC89C16}.Debug|Any CPU.ActiveCfg = Debug|Any CPU
		{EBD24162-DE6C-4B14-9C06-7A163DC89C16}.Debug|Any CPU.Build.0 = Debug|Any CPU
		{EBD24162-DE6C-4B14-9C06-7A163DC89C16}.Release|Any CPU.ActiveCfg = Release|Any CPU
		{EBD24162-DE6C-4B14-9C06-7A163DC89C16}.Release|Any CPU.Build.0 = Release|Any CPU
		{F30E5AF1-F4B5-4C77-AF41-FF331C64CC09}.Debug|Any CPU.ActiveCfg = Debug|Any CPU
		{F30E5AF1-F4B5-4C77-AF41-FF331C64CC09}.Debug|Any CPU.Build.0 = Debug|Any CPU
		{F30E5AF1-F4B5-4C77-AF41-FF331C64CC09}.Release|Any CPU.ActiveCfg = Release|Any CPU
		{F30E5AF1-F4B5-4C77-AF41-FF331C64CC09}.Release|Any CPU.Build.0 = Release|Any CPU
		{7B8F46E7-A0AB-48CE-9816-6A1D7600BB45}.Debug|Any CPU.ActiveCfg = Debug|Any CPU
		{7B8F46E7-A0AB-48CE-9816-6A1D7600BB45}.Debug|Any CPU.Build.0 = Debug|Any CPU
		{7B8F46E7-A0AB-48CE-9816-6A1D7600BB45}.Release|Any CPU.ActiveCfg = Release|Any CPU
		{7B8F46E7-A0AB-48CE-9816-6A1D7600BB45}.Release|Any CPU.Build.0 = Release|Any CPU
	EndGlobalSection
EndGlobal
